
Microsoft Visual Studio Solution File, Format Version 12.00
# Visual Studio Version 16
VisualStudioVersion = 16.0.29326.143
MinimumVisualStudioVersion = 10.0.40219.1
Project("{FAE04EC0-301F-11D3-BF4B-00C04F79EFBC}") = "Automation_TrainingM7C_Saul", "Automation_TrainingM7C_Saul\Automation_TrainingM7C_Saul.csproj", "{84547088-E5F6-480A-BE06-4C8345F7D56B}"
EndProject
Global
	GlobalSection(SolutionConfigurationPlatforms) = preSolution
		Debug|Any CPU = Debug|Any CPU
		Release|Any CPU = Release|Any CPU
	EndGlobalSection
	GlobalSection(ProjectConfigurationPlatforms) = postSolution
		{84547088-E5F6-480A-BE06-4C8345F7D56B}.Debug|Any CPU.ActiveCfg = Debug|Any CPU
		{84547088-E5F6-480A-BE06-4C8345F7D56B}.Debug|Any CPU.Build.0 = Debug|Any CPU
		{84547088-E5F6-480A-BE06-4C8345F7D56B}.Release|Any CPU.ActiveCfg = Release|Any CPU
		{84547088-E5F6-480A-BE06-4C8345F7D56B}.Release|Any CPU.Build.0 = Release|Any CPU
	EndGlobalSection
	GlobalSection(SolutionProperties) = preSolution
		HideSolutionNode = FALSE
	EndGlobalSection
	GlobalSection(ExtensibilityGlobals) = postSolution
		SolutionGuid = {B4EA8BF8-78C9-4B17-82B5-5A9B4A316473}
	EndGlobalSection
EndGlobal
